
Microsoft Visual Studio Solution File, Format Version 12.00
# Visual Studio Version 17
VisualStudioVersion = 17.0.32126.317
MinimumVisualStudioVersion = 10.0.40219.1
Project("{FAE04EC0-301F-11D3-BF4B-00C04F79EFBC}") = "5hetgyak", "5hetgyak\5hetgyak.csproj", "{AD6B67FA-CE47-479E-BAB6-924DFA18F372}"
EndProject
Global
	GlobalSection(SolutionConfigurationPlatforms) = preSolution
		Debug|Any CPU = Debug|Any CPU
		Release|Any CPU = Release|Any CPU
	EndGlobalSection
	GlobalSection(ProjectConfigurationPlatforms) = postSolution
		{AD6B67FA-CE47-479E-BAB6-924DFA18F372}.Debug|Any CPU.ActiveCfg = Debug|Any CPU
		{AD6B67FA-CE47-479E-BAB6-924DFA18F372}.Debug|Any CPU.Build.0 = Debug|Any CPU
		{AD6B67FA-CE47-479E-BAB6-924DFA18F372}.Release|Any CPU.ActiveCfg = Release|Any CPU
		{AD6B67FA-CE47-479E-BAB6-924DFA18F372}.Release|Any CPU.Build.0 = Release|Any CPU
	EndGlobalSection
	GlobalSection(SolutionProperties) = preSolution
		HideSolutionNode = FALSE
	EndGlobalSection
	GlobalSection(ExtensibilityGlobals) = postSolution
		SolutionGuid = {0CC59E91-246A-44ED-A47D-18CE1EC4713E}
	EndGlobalSection
EndGlobal
