
Microsoft Visual Studio Solution File, Format Version 12.00
# Visual Studio Version 17
VisualStudioVersion = 17.0.32126.317
MinimumVisualStudioVersion = 10.0.40219.1
Project("{FAE04EC0-301F-11D3-BF4B-00C04F79EFBC}") = "gyak1", "gyak1\gyak1.csproj", "{D2AA355F-A08C-42E8-9F24-9DB5307C824E}"
EndProject
Global
	GlobalSection(SolutionConfigurationPlatforms) = preSolution
		Debug|Any CPU = Debug|Any CPU
		Release|Any CPU = Release|Any CPU
	EndGlobalSection
	GlobalSection(ProjectConfigurationPlatforms) = postSolution
		{D2AA355F-A08C-42E8-9F24-9DB5307C824E}.Debug|Any CPU.ActiveCfg = Debug|Any CPU
		{D2AA355F-A08C-42E8-9F24-9DB5307C824E}.Debug|Any CPU.Build.0 = Debug|Any CPU
		{D2AA355F-A08C-42E8-9F24-9DB5307C824E}.Release|Any CPU.ActiveCfg = Release|Any CPU
		{D2AA355F-A08C-42E8-9F24-9DB5307C824E}.Release|Any CPU.Build.0 = Release|Any CPU
	EndGlobalSection
	GlobalSection(SolutionProperties) = preSolution
		HideSolutionNode = FALSE
	EndGlobalSection
	GlobalSection(ExtensibilityGlobals) = postSolution
		SolutionGuid = {DA1961B5-FDCD-4358-BA0C-AD6CDA627D25}
	EndGlobalSection
EndGlobal
