
Microsoft Visual Studio Solution File, Format Version 12.00
# Visual Studio Version 17
VisualStudioVersion = 17.0.32126.317
MinimumVisualStudioVersion = 10.0.40219.1
Project("{FAE04EC0-301F-11D3-BF4B-00C04F79EFBC}") = "PFBIZL_2het", "PFBIZL_2het\PFBIZL_2het.csproj", "{B7A3F41F-CD2B-41E7-8F8D-1F7060EC56D7}"
EndProject
Global
	GlobalSection(SolutionConfigurationPlatforms) = preSolution
		Debug|Any CPU = Debug|Any CPU
		Release|Any CPU = Release|Any CPU
	EndGlobalSection
	GlobalSection(ProjectConfigurationPlatforms) = postSolution
		{B7A3F41F-CD2B-41E7-8F8D-1F7060EC56D7}.Debug|Any CPU.ActiveCfg = Debug|Any CPU
		{B7A3F41F-CD2B-41E7-8F8D-1F7060EC56D7}.Debug|Any CPU.Build.0 = Debug|Any CPU
		{B7A3F41F-CD2B-41E7-8F8D-1F7060EC56D7}.Release|Any CPU.ActiveCfg = Release|Any CPU
		{B7A3F41F-CD2B-41E7-8F8D-1F7060EC56D7}.Release|Any CPU.Build.0 = Release|Any CPU
	EndGlobalSection
	GlobalSection(SolutionProperties) = preSolution
		HideSolutionNode = FALSE
	EndGlobalSection
	GlobalSection(ExtensibilityGlobals) = postSolution
		SolutionGuid = {C06F8B70-9243-4845-A2AD-203C1E120AC3}
	EndGlobalSection
EndGlobal
