
Microsoft Visual Studio Solution File, Format Version 12.00
# Visual Studio Version 17
VisualStudioVersion = 17.0.32126.317
MinimumVisualStudioVersion = 10.0.40219.1
Project("{FAE04EC0-301F-11D3-BF4B-00C04F79EFBC}") = "6hetgyak", "6hetgyak\6hetgyak.csproj", "{C3B86277-656D-4938-BAD8-9041F749BE67}"
EndProject
Global
	GlobalSection(SolutionConfigurationPlatforms) = preSolution
		Debug|Any CPU = Debug|Any CPU
		Release|Any CPU = Release|Any CPU
	EndGlobalSection
	GlobalSection(ProjectConfigurationPlatforms) = postSolution
		{C3B86277-656D-4938-BAD8-9041F749BE67}.Debug|Any CPU.ActiveCfg = Debug|Any CPU
		{C3B86277-656D-4938-BAD8-9041F749BE67}.Debug|Any CPU.Build.0 = Debug|Any CPU
		{C3B86277-656D-4938-BAD8-9041F749BE67}.Release|Any CPU.ActiveCfg = Release|Any CPU
		{C3B86277-656D-4938-BAD8-9041F749BE67}.Release|Any CPU.Build.0 = Release|Any CPU
	EndGlobalSection
	GlobalSection(SolutionProperties) = preSolution
		HideSolutionNode = FALSE
	EndGlobalSection
	GlobalSection(ExtensibilityGlobals) = postSolution
		SolutionGuid = {CBFC4037-63B5-45DB-A814-C5017CBEC120}
	EndGlobalSection
EndGlobal
